
Microsoft Visual Studio Solution File, Format Version 12.00
# Visual Studio Version 17
VisualStudioVersion = 17.8.34525.116
MinimumVisualStudioVersion = 10.0.40219.1
Project("{8BC9CEB8-8B4A-11D0-8D11-00A0C91BC942}") = "Project1", "Project1.vcxproj", "{C3DFD39A-6463-4ABE-9CCE-AF2159405918}"
EndProject
Global
	GlobalSection(SolutionConfigurationPlatforms) = preSolution
		Debug|x64 = Debug|x64
		Debug|x86 = Debug|x86
		Release|x64 = Release|x64
		Release|x86 = Release|x86
	EndGlobalSection
	GlobalSection(ProjectConfigurationPlatforms) = postSolution
		{C3DFD39A-6463-4ABE-9CCE-AF2159405918}.Debug|x64.ActiveCfg = Debug|x64
		{C3DFD39A-6463-4ABE-9CCE-AF2159405918}.Debug|x64.Build.0 = Debug|x64
		{C3DFD39A-6463-4ABE-9CCE-AF2159405918}.Debug|x86.ActiveCfg = Debug|Win32
		{C3DFD39A-6463-4ABE-9CCE-AF2159405918}.Debug|x86.Build.0 = Debug|Win32
		{C3DFD39A-6463-4ABE-9CCE-AF2159405918}.Release|x64.ActiveCfg = Release|x64
		{C3DFD39A-6463-4ABE-9CCE-AF2159405918}.Release|x64.Build.0 = Release|x64
		{C3DFD39A-6463-4ABE-9CCE-AF2159405918}.Release|x86.ActiveCfg = Release|Win32
		{C3DFD39A-6463-4ABE-9CCE-AF2159405918}.Release|x86.Build.0 = Release|Win32
	EndGlobalSection
	GlobalSection(SolutionProperties) = preSolution
		HideSolutionNode = FALSE
	EndGlobalSection
	GlobalSection(ExtensibilityGlobals) = postSolution
		SolutionGuid = {AE25BBE3-DD82-40F8-B654-AC21422A134E}
	EndGlobalSection
EndGlobal
